
Microsoft Visual Studio Solution File, Format Version 12.00
# Visual Studio 15
VisualStudioVersion = 15.0.27130.2010
MinimumVisualStudioVersion = 10.0.40219.1
Project("{FAE04EC0-301F-11D3-BF4B-00C04F79EFBC}") = "AspAssignments", "AspAssignments\AspAssignments.csproj", "{534D2FDE-81FB-4392-A03B-DC50532C4341}"
EndProject
Global
	GlobalSection(SolutionConfigurationPlatforms) = preSolution
		Debug|Any CPU = Debug|Any CPU
		Release|Any CPU = Release|Any CPU
	EndGlobalSection
	GlobalSection(ProjectConfigurationPlatforms) = postSolution
		{534D2FDE-81FB-4392-A03B-DC50532C4341}.Debug|Any CPU.ActiveCfg = Debug|Any CPU
		{534D2FDE-81FB-4392-A03B-DC50532C4341}.Debug|Any CPU.Build.0 = Debug|Any CPU
		{534D2FDE-81FB-4392-A03B-DC50532C4341}.Release|Any CPU.ActiveCfg = Release|Any CPU
		{534D2FDE-81FB-4392-A03B-DC50532C4341}.Release|Any CPU.Build.0 = Release|Any CPU
	EndGlobalSection
	GlobalSection(SolutionProperties) = preSolution
		HideSolutionNode = FALSE
	EndGlobalSection
	GlobalSection(ExtensibilityGlobals) = postSolution
		SolutionGuid = {1B9028B8-0D34-427B-A8F5-ABC97C46AF9B}
	EndGlobalSection
EndGlobal
